github.com/ghjm/advent_utils v0.0.0-20250110021858-9232914c96e6 h1:ogYHnBQzf52z0VAWnuD8azf4tTAgm1S/7UHt5f18gPs=
github.com/ghjm/advent_utils v0.0.0-20250110021858-9232914c96e6/go.mod h1:gQTdVT3BO/oqRj+csN1BbdZIJFzj0qokLleRrPOuBp0=
golang.org/x/exp v0.0.0-20241204233417-43b7b7cde48d h1:0olWaB5pg3+oychR51GUVCEsGkeCU/2JxjBgIo4f3M0=
golang.org/x/exp v0.0.0-20241204233417-43b7b7cde48d/go.mod h1:qj5a5QZpwLU2NLQudwIN5koi3beDhSAlJwa67PuM98c=
